{
  "nodes": {
    "alacritty-theme-penumbra": {
      "flake": false,
      "locked": {
        "lastModified": 1663051258,
        "narHash": "sha256-jhS4rYiFgKDttrT6vbLfK1UdcnuatkMf8kQEjcUrQII=",
        "owner": "pomarec",
        "repo": "alacritty-theme-penumbra",
        "rev": "1d341cb0b29bb126a3988d34ab0663f6c7e75586",
        "type": "github"
      },
      "original": {
        "owner": "pomarec",
        "repo": "alacritty-theme-penumbra",
        "type": "github"
      }
    },
    "emacs": {
      "inputs": {
        "flake-utils": "flake-utils",
        "nixpkgs": [
          "nixpkgs"
        ],
        "nixpkgs-stable": "nixpkgs-stable"
      },
      "locked": {
        "lastModified": 1685678018,
        "narHash": "sha256-r/8iDoUrqiZSwSI+/r5vFChby1qsM/dLxcwMpNhwZ8Q=",
        "owner": "nix-community",
        "repo": "emacs-overlay",
        "rev": "0e320163bcf62a4db3666d366f6752562c2aa409",
        "type": "github"
      },
      "original": {
        "owner": "nix-community",
        "repo": "emacs-overlay",
        "type": "github"
      }
    },
    "flake-utils": {
      "inputs": {
        "systems": "systems"
      },
      "locked": {
        "lastModified": 1685518550,
        "narHash": "sha256-o2d0KcvaXzTrPRIo0kOLV0/QXHhDQ5DTi+OxcjO8xqY=",
        "owner": "numtide",
        "repo": "flake-utils",
        "rev": "a1720a10a6cfe8234c0e93907ffe81be440f4cef",
        "type": "github"
      },
      "original": {
        "owner": "numtide",
        "repo": "flake-utils",
        "type": "github"
      }
    },
    "home-manager": {
      "inputs": {
        "nixpkgs": [
          "nixpkgs"
        ]
      },
      "locked": {
        "lastModified": 1685573051,
        "narHash": "sha256-zrpbdQVJFpNVFK3SlA6mE0le8qnKjUjcuY4OzL+wSHw=",
        "owner": "nix-community",
        "repo": "home-manager",
        "rev": "3876cc613ac3983078964ffb5a0c01d00028139e",
        "type": "github"
      },
      "original": {
        "owner": "nix-community",
        "repo": "home-manager",
        "type": "github"
      }
    },
    "nix-index-database": {
      "inputs": {
        "nixpkgs": [
          "nixpkgs"
        ]
      },
      "locked": {
        "lastModified": 1683638468,
        "narHash": "sha256-tQEaGZfZ2Hpw+XIVEHaJ8FaF1yNQyMDDhUyIQ7LTIEg=",
        "owner": "Mic92",
        "repo": "nix-index-database",
        "rev": "219067a5e3cf4b9581c8b4fcfc59ecd5af953d07",
        "type": "github"
      },
      "original": {
        "owner": "Mic92",
        "repo": "nix-index-database",
        "type": "github"
      }
    },
    "nixpkgs": {
      "locked": {
        "lastModified": 1685672710,
        "narHash": "sha256-9mK8qqabxgMefDNNkYzMpMqTs+X5XuoJ/1yNNW9t7P8=",
        "owner": "nixos",
        "repo": "nixpkgs",
        "rev": "ac5281cce24fac6d98773c55c038f654b8e84cd4",
        "type": "github"
      },
      "original": {
        "owner": "nixos",
        "ref": "nixpkgs-23.05-darwin",
        "repo": "nixpkgs",
        "type": "github"
      }
    },
    "nixpkgs-stable": {
      "locked": {
        "lastModified": 1685468986,
        "narHash": "sha256-YSj3K71KjRZgeL0hS3sYLYHI0g8aIVIf9lcsRMCIW2A=",
        "owner": "NixOS",
        "repo": "nixpkgs",
        "rev": "9af373a61647257d16ae6062cddaa9094d24920c",
        "type": "github"
      },
      "original": {
        "owner": "NixOS",
        "ref": "nixos-22.11",
        "repo": "nixpkgs",
        "type": "github"
      }
    },
    "penumbra": {
      "flake": false,
      "locked": {
        "lastModified": 1659982686,
        "narHash": "sha256-WpQdtlZqwR/BaKXinzxRO0Rw+Q2hgNGEP0tNZ6yZGxQ=",
        "owner": "nealmckee",
        "repo": "penumbra",
        "rev": "b2a4b15c10b14fdd990d0bdc29e7b044afc718af",
        "type": "github"
      },
      "original": {
        "owner": "nealmckee",
        "repo": "penumbra",
        "type": "github"
      }
    },
    "root": {
      "inputs": {
        "alacritty-theme-penumbra": "alacritty-theme-penumbra",
        "emacs": "emacs",
        "home-manager": "home-manager",
        "nix-index-database": "nix-index-database",
        "nixpkgs": "nixpkgs",
        "penumbra": "penumbra",
        "zsh-fzf-marks": "zsh-fzf-marks"
      }
    },
    "systems": {
      "locked": {
        "lastModified": 1681028828,
        "narHash": "sha256-Vy1rq5AaRuLzOxct8nz4T6wlgyUR7zLU309k9mBC768=",
        "owner": "nix-systems",
        "repo": "default",
        "rev": "da67096a3b9bf56a91d16901293e51ba5b49a27e",
        "type": "github"
      },
      "original": {
        "owner": "nix-systems",
        "repo": "default",
        "type": "github"
      }
    },
    "zsh-fzf-marks": {
      "flake": false,
      "locked": {
        "lastModified": 1677684334,
        "narHash": "sha256-/7zgbYylMGKerKhQS/C4PZ3Ghps3ooh9ASzGVu4itEs=",
        "owner": "urbainvaes",
        "repo": "fzf-marks",
        "rev": "2ff907f3e2e3959f038ee2a7d44d28c2b62ef38c",
        "type": "github"
      },
      "original": {
        "owner": "urbainvaes",
        "repo": "fzf-marks",
        "type": "github"
      }
    }
  },
  "root": "root",
  "version": 7
}
