{
    "_meta": {
        "hash": {
            "sha256": "6c004ebaf75d430c7b4b0ea51c90e54ee16d64597e6b43007acd56b8854ca5ce"
        },
        "pipfile-spec": 6,
        "requires": {
            "python_version": "3.7"
        },
        "sources": [
            {
                "name": "pypi",
                "url": "https://pypi.org/simple",
                "verify_ssl": true
            }
        ]
    },
    "default": {
        "future": {
            "hashes": [
                "sha256:67045236dcfd6816dc439556d009594abf643e5eb48992e36beac09c2ca659b8"
            ],
            "version": "==0.17.1"
        },
        "greenlet": {
            "hashes": [
                "sha256:000546ad01e6389e98626c1367be58efa613fa82a1be98b0c6fc24b563acc6d0",
                "sha256:0d48200bc50cbf498716712129eef819b1729339e34c3ae71656964dac907c28",
                "sha256:23d12eacffa9d0f290c0fe0c4e81ba6d5f3a5b7ac3c30a5eaf0126bf4deda5c8",
                "sha256:37c9ba82bd82eb6a23c2e5acc03055c0e45697253b2393c9a50cef76a3985304",
                "sha256:51503524dd6f152ab4ad1fbd168fc6c30b5795e8c70be4410a64940b3abb55c0",
                "sha256:8041e2de00e745c0e05a502d6e6db310db7faa7c979b3a5877123548a4c0b214",
                "sha256:81fcd96a275209ef117e9ec91f75c731fa18dcfd9ffaa1c0adbdaa3616a86043",
                "sha256:853da4f9563d982e4121fed8c92eea1a4594a2299037b3034c3c898cb8e933d6",
                "sha256:8b4572c334593d449113f9dc8d19b93b7b271bdbe90ba7509eb178923327b625",
                "sha256:9416443e219356e3c31f1f918a91badf2e37acf297e2fa13d24d1cc2380f8fbc",
                "sha256:9854f612e1b59ec66804931df5add3b2d5ef0067748ea29dc60f0efdcda9a638",
                "sha256:99a26afdb82ea83a265137a398f570402aa1f2b5dfb4ac3300c026931817b163",
                "sha256:a19bf883b3384957e4a4a13e6bd1ae3d85ae87f4beb5957e35b0be287f12f4e4",
                "sha256:a9f145660588187ff835c55a7d2ddf6abfc570c2651c276d3d4be8a2766db490",
                "sha256:ac57fcdcfb0b73bb3203b58a14501abb7e5ff9ea5e2edfa06bb03035f0cff248",
                "sha256:bcb530089ff24f6458a81ac3fa699e8c00194208a724b644ecc68422e1111939",
                "sha256:beeabe25c3b704f7d56b573f7d2ff88fc99f0138e43480cecdfcaa3b87fe4f87",
                "sha256:d634a7ea1fc3380ff96f9e44d8d22f38418c1c381d5fac680b272d7d90883720",
                "sha256:d97b0661e1aead761f0ded3b769044bb00ed5d33e1ec865e891a8b128bf7c656"
            ],
            "version": "==0.4.15"
        },
        "jedi": {
            "hashes": [
                "sha256:571702b5bd167911fe9036e5039ba67f820d6502832285cde8c881ab2b2149fd",
                "sha256:c8481b5e59d34a5c7c42e98f6625e633f6ef59353abea6437472c7ec2093f191"
            ],
            "version": "==0.13.2"
        },
        "msgpack": {
            "hashes": [
                "sha256:102802a9433dcf36f939b632cce9dea87310b2f163bb37ffc8bc343677726e88",
                "sha256:3055c44f39833b6edb27fd48028dc7822d1fd75bfeef8a2434caed8d62bb24ee",
                "sha256:3b7fd45c8e9e537640f541d3699b1773cf5cb9345d4a75f93baa8f055084e59c",
                "sha256:64abc6bf3a2ac301702f5760f4e6e227d0fd4d84d9014ef9a40faa9d43365259",
                "sha256:6e962c4adc7970af5a3d6a4f9bb87c617b1bd041fd9ab42355a263d421017ed9",
                "sha256:72259661a83f8b08ef6ee83927ce4937f841226735824af5b10a536d886eeb36",
                "sha256:78e297c3996fd9f35090fbddd1c148c2a71e0d6024500bcf3af90a4b9698bc19",
                "sha256:85f1342b9d7549dd3daf494100d47a3dc7daae703cdbfc2c9ee7bbdc8a492cba",
                "sha256:8ce9f88b6cb75d74eda2a5522e5c2e5ec0f17fd78605d6502abb61f46b306865",
                "sha256:8d0af8d64198e4b4f942a15ea9cb0dd9c4a0bd3e4e2ba57425e108bdbd4c3a0f",
                "sha256:9936ce3a530ca78db60b6631003b5f4ba383cfb1d9830a27d1b5c61857226e2f",
                "sha256:b688721df31c4bad6f508fb262719eb7e4a3532024c66d3c44ad6a4704519dda",
                "sha256:c28478328e9cd868ce54e8465eae9fa3605790450c66cc7e8bc416526917ef6e",
                "sha256:cb4e228f3d93779a1d77a1e9d72759b79dfa2975c1a5bd2a090eaa98239fa4b1",
                "sha256:d03d0b6e4adf5bd1cbf7a81a20a56c883351947a57b7b85235181b057adf1120",
                "sha256:d2b179faebd278e5f4e255a6bbc7ccb467f02ed5c4c00c8a68dc926002223a20",
                "sha256:f1a8f7bd84be103979a73da57be3cb929d702a656162ee466597b816fa9eec97"
            ],
            "version": "==0.6.0"
        },
        "neovim": {
            "hashes": [
                "sha256:a6a0e7a5b4433bf4e6ddcbc5c5ff44170be7d84259d002b8e8d8fb4ee78af60f"
            ],
            "index": "pypi",
            "version": "==0.3.1"
        },
        "parso": {
            "hashes": [
                "sha256:4b8f9ed80c3a4a3191aa3261505d868aa552dd25649cb13a7d73b6b7315edf2d",
                "sha256:5a120be2e8863993b597f1c0437efca799e90e0793c98ae5d4e34ebd00140e31"
            ],
            "version": "==0.3.2"
        },
        "pluggy": {
            "hashes": [
                "sha256:8ddc32f03971bfdf900a81961a48ccf2fb677cf7715108f85295c67405798616",
                "sha256:980710797ff6a041e9a73a5787804f848996ecaa6f8a1b1e08224a5894f2074a"
            ],
            "version": "==0.8.1"
        },
        "pynvim": {
            "hashes": [
                "sha256:cf6490c4e586c9da01a32f3e0ae21c61342d7ea171e06025bda210bdc95cbe05"
            ],
            "version": "==0.3.2"
        },
        "python-jsonrpc-server": {
            "hashes": [
                "sha256:09b418e3b1ba9032aecc7aefdd185511dd230fb8dacf18ec195d14dfd89d9e54"
            ],
            "version": "==0.1.2"
        },
        "python-language-server": {
            "hashes": [
                "sha256:46450805798dad2c1abe88cbf66b05db030265b232a5de456d0d3c6800edeb12"
            ],
            "index": "pypi",
            "version": "==0.22.0"
        }
    },
    "develop": {}
}
